
Microsoft Visual Studio Solution File, Format Version 12.00
# Visual Studio Version 17
VisualStudioVersion = 17.12.35514.174 d17.12
MinimumVisualStudioVersion = 10.0.40219.1
Project("{2150E333-8FDC-42A3-9474-1A3956D46DE8}") = "src", "src", "{9B89AFEF-6086-41A6-AB9F-C557E3FE3070}"
EndProject
Project("{2150E333-8FDC-42A3-9474-1A3956D46DE8}") = "test", "test", "{22755723-8A58-49F5-8109-EAFA7046A9EA}"
EndProject
Project("{FAE04EC0-301F-11D3-BF4B-00C04F79EFBC}") = "CafeEmployeeManagement.Domain", "CafeEmployeeManagement.Domain\CafeEmployeeManagement.Domain.csproj", "{25E8CBDC-D037-49B3-AC00-16295D234F97}"
EndProject
Project("{FAE04EC0-301F-11D3-BF4B-00C04F79EFBC}") = "CafeEmployeeManagement.Application", "CafeEmployeeManagement.Application\CafeEmployeeManagement.Application.csproj", "{23203831-C124-4791-BB2F-42CA276F0F19}"
EndProject
Project("{FAE04EC0-301F-11D3-BF4B-00C04F79EFBC}") = "CafeEmployeeManagement.Infrastructure", "CafeEmployeeManagement.Infrastructure\CafeEmployeeManagement.Infrastructure.csproj", "{6223AB1F-1AA5-4DE3-8BB8-BF57152CE7A2}"
EndProject
Project("{FAE04EC0-301F-11D3-BF4B-00C04F79EFBC}") = "CafeEmployeeManagement.API", "CafeEmployeeManagement.API\CafeEmployeeManagement.API.csproj", "{F448293F-5C51-4064-94F0-A6C07DAB5F28}"
EndProject
Global
	GlobalSection(SolutionConfigurationPlatforms) = preSolution
		Debug|Any CPU = Debug|Any CPU
		Release|Any CPU = Release|Any CPU
	EndGlobalSection
	GlobalSection(ProjectConfigurationPlatforms) = postSolution
		{25E8CBDC-D037-49B3-AC00-16295D234F97}.Debug|Any CPU.ActiveCfg = Debug|Any CPU
		{25E8CBDC-D037-49B3-AC00-16295D234F97}.Debug|Any CPU.Build.0 = Debug|Any CPU
		{25E8CBDC-D037-49B3-AC00-16295D234F97}.Release|Any CPU.ActiveCfg = Release|Any CPU
		{25E8CBDC-D037-49B3-AC00-16295D234F97}.Release|Any CPU.Build.0 = Release|Any CPU
		{23203831-C124-4791-BB2F-42CA276F0F19}.Debug|Any CPU.ActiveCfg = Debug|Any CPU
		{23203831-C124-4791-BB2F-42CA276F0F19}.Debug|Any CPU.Build.0 = Debug|Any CPU
		{23203831-C124-4791-BB2F-42CA276F0F19}.Release|Any CPU.ActiveCfg = Release|Any CPU
		{23203831-C124-4791-BB2F-42CA276F0F19}.Release|Any CPU.Build.0 = Release|Any CPU
		{6223AB1F-1AA5-4DE3-8BB8-BF57152CE7A2}.Debug|Any CPU.ActiveCfg = Debug|Any CPU
		{6223AB1F-1AA5-4DE3-8BB8-BF57152CE7A2}.Debug|Any CPU.Build.0 = Debug|Any CPU
		{6223AB1F-1AA5-4DE3-8BB8-BF57152CE7A2}.Release|Any CPU.ActiveCfg = Release|Any CPU
		{6223AB1F-1AA5-4DE3-8BB8-BF57152CE7A2}.Release|Any CPU.Build.0 = Release|Any CPU
		{F448293F-5C51-4064-94F0-A6C07DAB5F28}.Debug|Any CPU.ActiveCfg = Debug|Any CPU
		{F448293F-5C51-4064-94F0-A6C07DAB5F28}.Debug|Any CPU.Build.0 = Debug|Any CPU
		{F448293F-5C51-4064-94F0-A6C07DAB5F28}.Release|Any CPU.ActiveCfg = Release|Any CPU
		{F448293F-5C51-4064-94F0-A6C07DAB5F28}.Release|Any CPU.Build.0 = Release|Any CPU
	EndGlobalSection
	GlobalSection(SolutionProperties) = preSolution
		HideSolutionNode = FALSE
	EndGlobalSection
	GlobalSection(NestedProjects) = preSolution
		{25E8CBDC-D037-49B3-AC00-16295D234F97} = {9B89AFEF-6086-41A6-AB9F-C557E3FE3070}
		{23203831-C124-4791-BB2F-42CA276F0F19} = {9B89AFEF-6086-41A6-AB9F-C557E3FE3070}
		{6223AB1F-1AA5-4DE3-8BB8-BF57152CE7A2} = {9B89AFEF-6086-41A6-AB9F-C557E3FE3070}
		{F448293F-5C51-4064-94F0-A6C07DAB5F28} = {9B89AFEF-6086-41A6-AB9F-C557E3FE3070}
	EndGlobalSection
EndGlobal
